
Microsoft Visual Studio Solution File, Format Version 12.00
# Visual Studio 15
VisualStudioVersion = 15.0.28010.2046
MinimumVisualStudioVersion = 10.0.40219.1
Project("{FAE04EC0-301F-11D3-BF4B-00C04F79EFBC}") = "DeltaSyncServer", "DeltaSyncServer\DeltaSyncServer.csproj", "{05695F2E-6AF1-445E-A9D6-10A80150821D}"
EndProject
Project("{9A19103F-16F7-4668-BE54-9A1E7A4F7556}") = "LibDeltaSystem", "..\LibDeltaSystem\LibDeltaSystem\LibDeltaSystem.csproj", "{C1C3363C-0D51-4243-8A9A-C144E76D99EC}"
EndProject
Project("{9A19103F-16F7-4668-BE54-9A1E7A4F7556}") = "ArkWebMapGatewayClient", "..\ArkWebMap\backend\ArkWebMapGatewayClient\ArkWebMapGatewayClient.csproj", "{6237A2F6-FA80-4DAE-9F4A-9BE6C83B24E6}"
EndProject
Global
	GlobalSection(SolutionConfigurationPlatforms) = preSolution
		Debug|Any CPU = Debug|Any CPU
		Release|Any CPU = Release|Any CPU
	EndGlobalSection
	GlobalSection(ProjectConfigurationPlatforms) = postSolution
		{05695F2E-6AF1-445E-A9D6-10A80150821D}.Debug|Any CPU.ActiveCfg = Debug|Any CPU
		{05695F2E-6AF1-445E-A9D6-10A80150821D}.Debug|Any CPU.Build.0 = Debug|Any CPU
		{05695F2E-6AF1-445E-A9D6-10A80150821D}.Release|Any CPU.ActiveCfg = Release|Any CPU
		{05695F2E-6AF1-445E-A9D6-10A80150821D}.Release|Any CPU.Build.0 = Release|Any CPU
		{C1C3363C-0D51-4243-8A9A-C144E76D99EC}.Debug|Any CPU.ActiveCfg = Debug|Any CPU
		{C1C3363C-0D51-4243-8A9A-C144E76D99EC}.Debug|Any CPU.Build.0 = Debug|Any CPU
		{C1C3363C-0D51-4243-8A9A-C144E76D99EC}.Release|Any CPU.ActiveCfg = Release|Any CPU
		{C1C3363C-0D51-4243-8A9A-C144E76D99EC}.Release|Any CPU.Build.0 = Release|Any CPU
		{6237A2F6-FA80-4DAE-9F4A-9BE6C83B24E6}.Debug|Any CPU.ActiveCfg = Debug|Any CPU
		{6237A2F6-FA80-4DAE-9F4A-9BE6C83B24E6}.Debug|Any CPU.Build.0 = Debug|Any CPU
		{6237A2F6-FA80-4DAE-9F4A-9BE6C83B24E6}.Release|Any CPU.ActiveCfg = Release|Any CPU
		{6237A2F6-FA80-4DAE-9F4A-9BE6C83B24E6}.Release|Any CPU.Build.0 = Release|Any CPU
	EndGlobalSection
	GlobalSection(SolutionProperties) = preSolution
		HideSolutionNode = FALSE
	EndGlobalSection
	GlobalSection(ExtensibilityGlobals) = postSolution
		SolutionGuid = {540A961D-6471-4545-BC27-C128F5FEB9B7}
	EndGlobalSection
EndGlobal
